
Microsoft Visual Studio Solution File, Format Version 12.00
# Visual Studio Version 17
VisualStudioVersion = 17.0.32014.148
MinimumVisualStudioVersion = 10.0.40219.1
Project("{FAE04EC0-301F-11D3-BF4B-00C04F79EFBC}") = "MarkWildmanNerdMathWorkouts.Server", "MarkWildmanNerdMathWorkouts\Server\MarkWildmanNerdMathWorkouts.Server.csproj", "{C16FF4C4-92FF-4C7A-A5C6-82A4A729D20D}"
EndProject
Project("{FAE04EC0-301F-11D3-BF4B-00C04F79EFBC}") = "MarkWildmanNerdMathWorkouts.Client", "MarkWildmanNerdMathWorkouts\Client\MarkWildmanNerdMathWorkouts.Client.csproj", "{8818056F-6B65-4426-B4BA-886203ACFFC8}"
EndProject
Project("{FAE04EC0-301F-11D3-BF4B-00C04F79EFBC}") = "MarkWildmanNerdMathWorkouts.Shared", "MarkWildmanNerdMathWorkouts\Shared\MarkWildmanNerdMathWorkouts.Shared.csproj", "{6319B953-CA60-4ABF-8034-90A5A2038129}"
EndProject
Project("{FAE04EC0-301F-11D3-BF4B-00C04F79EFBC}") = "MarkWildmanNerdMathWorkouts.Tests", "MarkWildmanNerdMathWorkouts.Tests\MarkWildmanNerdMathWorkouts.Tests.csproj", "{8DC69F66-800E-4AF9-B45C-FDEF66B81C88}"
EndProject
Global
	GlobalSection(SolutionConfigurationPlatforms) = preSolution
		Debug|Any CPU = Debug|Any CPU
		Release|Any CPU = Release|Any CPU
	EndGlobalSection
	GlobalSection(ProjectConfigurationPlatforms) = postSolution
		{C16FF4C4-92FF-4C7A-A5C6-82A4A729D20D}.Debug|Any CPU.ActiveCfg = Debug|Any CPU
		{C16FF4C4-92FF-4C7A-A5C6-82A4A729D20D}.Debug|Any CPU.Build.0 = Debug|Any CPU
		{C16FF4C4-92FF-4C7A-A5C6-82A4A729D20D}.Release|Any CPU.ActiveCfg = Release|Any CPU
		{C16FF4C4-92FF-4C7A-A5C6-82A4A729D20D}.Release|Any CPU.Build.0 = Release|Any CPU
		{8818056F-6B65-4426-B4BA-886203ACFFC8}.Debug|Any CPU.ActiveCfg = Debug|Any CPU
		{8818056F-6B65-4426-B4BA-886203ACFFC8}.Debug|Any CPU.Build.0 = Debug|Any CPU
		{8818056F-6B65-4426-B4BA-886203ACFFC8}.Release|Any CPU.ActiveCfg = Release|Any CPU
		{8818056F-6B65-4426-B4BA-886203ACFFC8}.Release|Any CPU.Build.0 = Release|Any CPU
		{6319B953-CA60-4ABF-8034-90A5A2038129}.Debug|Any CPU.ActiveCfg = Debug|Any CPU
		{6319B953-CA60-4ABF-8034-90A5A2038129}.Debug|Any CPU.Build.0 = Debug|Any CPU
		{6319B953-CA60-4ABF-8034-90A5A2038129}.Release|Any CPU.ActiveCfg = Release|Any CPU
		{6319B953-CA60-4ABF-8034-90A5A2038129}.Release|Any CPU.Build.0 = Release|Any CPU
		{8DC69F66-800E-4AF9-B45C-FDEF66B81C88}.Debug|Any CPU.ActiveCfg = Debug|Any CPU
		{8DC69F66-800E-4AF9-B45C-FDEF66B81C88}.Debug|Any CPU.Build.0 = Debug|Any CPU
		{8DC69F66-800E-4AF9-B45C-FDEF66B81C88}.Release|Any CPU.ActiveCfg = Release|Any CPU
		{8DC69F66-800E-4AF9-B45C-FDEF66B81C88}.Release|Any CPU.Build.0 = Release|Any CPU
	EndGlobalSection
	GlobalSection(SolutionProperties) = preSolution
		HideSolutionNode = FALSE
	EndGlobalSection
	GlobalSection(ExtensibilityGlobals) = postSolution
		SolutionGuid = {60106014-35EB-4DC0-8827-D29EE1B1FDC7}
	EndGlobalSection
EndGlobal
